cloud.google.com/go v0.34.0 h1:eOI3/cP2VTU6uZLDYAoic+eyzzB9YyGmJ7eIjl8rOPg=
cloud.google.com/go v0.34.0/go.mod h1:aQUYkXzVsufM+DwF1aE+0xfcU+56JwCaLick0ClmMTw=
github.com/PuerkitoBio/goquery v1.4.0 h1:13fV4AYmaSopdNp8KWDUlLyU5INklBkYk0tsTfxRO2U=
github.com/PuerkitoBio/goquery v1.4.0/go.mod h1:T9ezsOHcCrDCgA8aF1Cqr3sSYbO/xgdy8/R/XiIMAhA=
github.com/andybalholm/cascadia v1.0.0 h1:hOCXnnZ5A+3eVDX8pvgl4kofXv2ELss0bKcqRySc45o=
github.com/andybalholm/cascadia v1.0.0/go.mod h1:GsXiBklL0woXo1j/WYWtSYYC4ouU9PqHO0sqidkEA4Y=
github.com/boltdb/bolt v1.3.1 h1:JQmyP4ZBrce+ZQu0dY660FMfatumYDLun9hBCUVIkF4=
github.com/boltdb/bolt v1.3.1/go.mod h1:clJnj/oiGkjum5o1McbSZDSLxVThjynRyGBgiAx27Ps=
github.com/coreos/bbolt v1.3.0 h1:HIgH5xUWXT914HCI671AxuTTqjj64UOFr7pHn48LUTI=
github.com/coreos/bbolt v1.3.0/go.mod h1:iRUV2dpdMOn7Bo10OQBFzIJO9kkE559Wcmn+qkEiiKk=
github.com/davecgh/go-spew v1.1.0/go.mod h1:J7Y8YcW2NihsgmVo/mv3lAwl/skON4iLHjSsI+c5H38=
github.com/davecgh/go-spew v1.1.1 h1:vj9j/u1bqnvCEfJOwUhtlOARqs3+rkHYY13jYWTU97c=
github.com/davecgh/go-spew v1.1.1/go.mod h1:J7Y8YcW2NihsgmVo/mv3lAwl/skON4iLHjSsI+c5H38=
github.com/dgrijalva/jwt-go v3.2.0+incompatible h1:7qlOGliEKZXTDg6OTjfoBKDXWrumCAMpl/TFQ4/5kLM=
github.com/dgrijalva/jwt-go v3.2.0+incompatible/go.mod h1:E3ru+11k8xSBh+hMPgOLZmtrrCbhqsmaPHjLKYnJCaQ=
github.com/didip/tollbooth v4.0.0+incompatible h1:ayQZYuF5QOxx3NdYRNuRVFLv9/2b64JtSUlewb+0TMo=
github.com/didip/tollbooth v4.0.0+incompatible/go.mod h1:A9b0665CE6l1KmzpDws2++elm/CsuWBMa5Jv4WY0PEY=
github.com/didip/tollbooth_chi v0.0.0-20170928041846-6ab5f3083f3d h1:vs5Nf6IE0N/PwGJ8//zRed4gpCdcr99K2HzX7RuLOQ8=
github.com/didip/tollbooth_chi v0.0.0-20170928041846-6ab5f3083f3d/go.mod h1:YWyIfq3y4ArRfWZ9XksmuusP+7Mad+T0iFZ0kv0XG/M=
github.com/globalsign/mgo v0.0.0-20180615134936-113d3961e731/go.mod h1:xkRDCp4j0OGD1HRkm4kmhM+pmpv3AKq5SU7GMg4oO/Q=
github.com/globalsign/mgo v0.0.0-20181015135952-eeefdecb41b8 h1:DujepqpGd1hyOd7aW59XpK7Qymp8iy83xq74fLr21is=
github.com/globalsign/mgo v0.0.0-20181015135952-eeefdecb41b8/go.mod h1:xkRDCp4j0OGD1HRkm4kmhM+pmpv3AKq5SU7GMg4oO/Q=
github.com/go-chi/chi v3.3.2+incompatible h1:uQNcQN3NsV1j4ANsPh42P4ew4t6rnRbJb8frvpp31qQ=
github.com/go-chi/chi v3.3.2+incompatible/go.mod h1:eB3wogJHnLi3x/kFX2A+IbTBlXxmMeXJVKy9tTv1XzQ=
github.com/go-chi/cors v1.0.0 h1:e6x8k7uWbUwYs+aXDoiUzeQFT6l0cygBYyNhD7/1Tg0=
github.com/go-chi/cors v1.0.0/go.mod h1:K2Yje0VW/SJzxiyMYu6iPQYa7hMjQX2i/F491VChg1I=
github.com/go-chi/render v1.0.0 h1:cLJlkaTB4xfx5rWhtoB0BSXsXVJKWFqv08Y3cR1bZKA=
github.com/go-chi/render v1.0.0/go.mod h1:pq4Rr7HbnsdaeHagklXub+p6Wd16Af5l9koip1OvJns=
github.com/go-pkgz/auth v0.5.0 h1:+wqppq35x83PchZNZ7SHHYLI/e8WeETFouujDLsklac=
github.com/go-pkgz/auth v0.5.0/go.mod h1:CWtB8dHmOv+TfF3MUzKwk/YwTLepC2TaDL05A+pFVBM=
github.com/go-pkgz/lcw v0.2.0 h1:aFoKUG8q0YybId+ThVRQpDMjjuSG4hkLL1EA2xUtruc=
github.com/go-pkgz/lcw v0.2.0/go.mod h1:k+PY1CkCMTLXILtFoJOyK65Qqi9rkoTYunFH1vE/C0I=
github.com/go-pkgz/lgr v0.2.2/go.mod h1:hBM1NM/SoYdlrykgdgJWGrZ/TM/XaZIjRbJfx7NkMm8=
github.com/go-pkgz/lgr v0.6.0 h1:Z9FRhfSyuASiF05iXRj+clTAAl8+1EfLR7SeyLIaGKg=
github.com/go-pkgz/lgr v0.6.0/go.mod h1:hBM1NM/SoYdlrykgdgJWGrZ/TM/XaZIjRbJfx7NkMm8=
github.com/go-pkgz/mongo v1.0.0/go.mod h1:R9si/F2aJsjz4MUxhzuppIHY8yLV3YCeuCpgcI50cu4=
github.com/go-pkgz/mongo v1.1.2 h1:2Vqn3CWQJkkx4gxxDiQUitAW2FN/CH26lKHkipmpKcc=
github.com/go-pkgz/mongo v1.1.2/go.mod h1:0NkWnzpiUxoL5fYZuttCtJrpC67oNDidfYxcdPqHTf0=
github.com/go-pkgz/repeater v1.1.1 h1:9HVgXFJGjUQznPmaeuVDTPhgflzVlUyjCx2gmBYXeGI=
github.com/go-pkgz/repeater v1.1.1/go.mod h1:QfNR/a+xqjs+f9wSxWqOQlw9aQhmKlUaSwXCiZ+Ko2w=
github.com/go-pkgz/rest v1.2.0/go.mod h1:COazNj35u3RXAgQNBr6neR599tYP3URiOpsu9p0rOtk=
github.com/go-pkgz/rest v1.4.0 h1:xNkdMjEL2rNZSHouWjFTH22ncaZ77fopm34RN+eXAwk=
github.com/go-pkgz/rest v1.4.0/go.mod h1:COazNj35u3RXAgQNBr6neR599tYP3URiOpsu9p0rOtk=
github.com/go-pkgz/syncs v1.1.0 h1:k+dTyUZs1JHsYzo2tuUNrnW0OCwuGuS6ozfXHVspjSY=
github.com/go-pkgz/syncs v1.1.0/go.mod h1:bt9lxWRRJ9vOCMGc8Big8ttjYHLKP88ofj1y38UlaHE=
github.com/golang/mock v1.2.0 h1:28o5sBqPkBsMGnC6b4MvE2TzSr5/AT4c/1fLqVGIwlk=
github.com/golang/mock v1.2.0/go.mod h1:oTYuIxOrZwtPieC+H1uAHpcLFnEyAGVDL/k47Jfbm0A=
github.com/golang/protobuf v1.2.0 h1:P3YflyNX/ehuJFLhxviNdFxQPkGK5cDcApsge1SqnvM=
github.com/golang/protobuf v1.2.0/go.mod h1:6lQm79b+lXiMfvg/cZm0SGofjICqVBUtrP5yJMmIC1U=
github.com/google/uuid v0.0.0-20161128191214-064e2069ce9c h1:jWtZjFEUE/Bz0IeIhqCnyZ3HG6KRXSntXe4SjtuTH7c=
github.com/google/uuid v0.0.0-20161128191214-064e2069ce9c/go.mod h1:TIyPZe4MgqvfeYDBFedMoGGpEw/LqOeaOT+nhxU+yHo=
github.com/gorilla/feeds v1.1.0 h1:pcgLJhbdYgaUESnj3AmXPcB7cS3vy63+jC/TI14AGXk=
github.com/gorilla/feeds v1.1.0/go.mod h1:Nk0jZrvPFZX1OBe5NPiddPw7CfwF6Q9eqzaBbaightA=
github.com/hashicorp/errwrap v1.0.0 h1:hLrqtEDnRye3+sgx6z4qVLNuviH3MR5aQ0ykNJa/UYA=
github.com/hashicorp/errwrap v1.0.0/go.mod h1:YH+1FKiLXxHSkmPseP+kNlulaMuP3n2brvKWEqk/Jc4=
github.com/hashicorp/go-multierror v0.0.0-20171204182908-b7773ae21874 h1:em+tTnzgU7N22woTBMcSJAOW7tRHAkK597W+MD/CpK8=
github.com/hashicorp/go-multierror v0.0.0-20171204182908-b7773ae21874/go.mod h1:JMRHfdO9jKNzS/+BTlxCjKNQHg/jZAft8U7LloJvN7I=
github.com/hashicorp/golang-lru v0.5.0 h1:CL2msUPvZTLb5O648aiLNJw3hnBxN2+1Jq8rCOH9wdo=
github.com/hashicorp/golang-lru v0.5.0/go.mod h1:/m3WP610KZHVQ1SGc6re/UDhFvYD7pJ4Ao+sR/qLZy8=
github.com/jessevdk/go-flags v0.0.0-20180331124232-1c38ed7ad0cc h1:0L2sGkaj6MWuV1BfXsrLJ/+XA8RzKKVsYlLVXNkK1Lw=
github.com/jessevdk/go-flags v0.0.0-20180331124232-1c38ed7ad0cc/go.mod h1:4FA24M0QyGHXBuZZK/XkWh8h0e1EYbRYJSGM75WSRxI=
github.com/kr/pretty v0.1.0 h1:L/CwN0zerZDmRFUapSPitk6f+Q3+0za1rQkzVuMiMFI=
github.com/kr/pretty v0.1.0/go.mod h1:dAy3ld7l9f0ibDNOQOHHMYYIIbhfbHSm3C4ZsoJORNo=
github.com/kr/pty v1.1.1/go.mod h1:pFQYn66WHrOpPYNljwOMqo10TkYh1fy3cYio2l3bCsQ=
github.com/kr/text v0.1.0 h1:45sCR5RtlFHMR4UwH9sdQ5TC8v0qDQCHnXt+kaKSTVE=
github.com/kr/text v0.1.0/go.mod h1:4Jbv+DJW3UT/LiOwJeYQe1efqtUx/iVham/4vfdArNI=
github.com/microcosm-cc/bluemonday v0.0.0-20171222152607-542fd4642604 h1:BbG6VMVavjbhIsD7Hoscfz+wExp1hY+pmk+7Agc4J74=
github.com/microcosm-cc/bluemonday v0.0.0-20171222152607-542fd4642604/go.mod h1:hsXNsILzKxV+sX77C5b8FSuKF00vh2OMYv+xgHpAMF4=
github.com/nullrocks/identicon v0.0.0-20180626043057-7875f45b0022 h1:Ys0rDzh8s4UMlGaDa1UTA0sfKgvF0hQZzTYX8ktjiDc=
github.com/nullrocks/identicon v0.0.0-20180626043057-7875f45b0022/go.mod h1:x4NsS+uc7ecH/Cbm9xKQ6XzmJM57rWTkjywjfB2yQ18=
github.com/patrickmn/go-cache v2.1.0+incompatible h1:HRMgzkcYKYpi3C8ajMPV8OFXaaRUnok+kx1WdO15EQc=
github.com/patrickmn/go-cache v2.1.0+incompatible/go.mod h1:3Qf8kWWT7OJRJbdiICTKqZju1ZixQ/KpMGzzAfe6+WQ=
github.com/pkg/errors v0.8.0/go.mod h1:bwawxfHBFNV+L2hUp1rHADufV3IMtnDRdf1r5NINEl0=
github.com/pkg/errors v0.8.1 h1:iURUrRGxPUNPdy5/HRSm+Yj6okJ6UtLINN0Q9M4+h3I=
github.com/pkg/errors v0.8.1/go.mod h1:bwawxfHBFNV+L2hUp1rHADufV3IMtnDRdf1r5NINEl0=
github.com/pmezard/go-difflib v1.0.0 h1:4DBwDE0NGyQoBHbLQYPwSUPoCMWR5BEzIk/f1lZbAQM=
github.com/pmezard/go-difflib v1.0.0/go.mod h1:iKH77koFhYxTK1pcRnkKkqfTogsbg7gZNVY4sRDYZ/4=
github.com/rakyll/statik v0.1.3 h1:H/5HK3yNM7sDzOiMQtC2Q1N69hl+KxzomBBWus662LU=
github.com/rakyll/statik v0.1.3/go.mod h1:OEi9wJV/fMUAGx1eNjq75DKDsJVuEv1U0oYdX6GX8Zs=
github.com/shurcooL/sanitized_anchor_name v1.0.0 h1:PdmoCO6wvbs+7yrJyMORt4/BmY5IYyJwS/kOiWx8mHo=
github.com/shurcooL/sanitized_anchor_name v1.0.0/go.mod h1:1NzhyTcUVG4SuEtjjoZeVRXNmyL/1OwPU0+IJeTBvfc=
github.com/stretchr/objx v0.1.0/go.mod h1:HFkY916IF+rwdDfMAkV7OtwuqBVzrE8GR6GFx+wExME=
github.com/stretchr/objx v0.1.1 h1:2vfRuCMp5sSVIDSqO8oNnWJq7mPa6KVP3iPIwFBuy8A=
github.com/stretchr/objx v0.1.1/go.mod h1:HFkY916IF+rwdDfMAkV7OtwuqBVzrE8GR6GFx+wExME=
github.com/stretchr/testify v1.3.0 h1:TivCn/peBQ7UY8ooIcPgZFpTNSz0Q2U6UrFlUfqbe0Q=
github.com/stretchr/testify v1.3.0/go.mod h1:M5WIy9Dh21IEIfnGCwXGc5bZfKNJtfHm1UVUgZn+9EI=
golang.org/x/crypto v0.0.0-20181030102418-4d3f4d9ffa16 h1:y6ce7gCWtnH+m3dCjzQ1PCuwl28DDIc3VNnvY29DlIA=
golang.org/x/crypto v0.0.0-20181030102418-4d3f4d9ffa16/go.mod h1:6SG95UA2DQfeDnfUPMdvaQW0Q7yPrPDi9nlGo2tz2b4=
golang.org/x/image v0.0.0-20181116024801-cd38e8056d9b h1:VHyIDlv3XkfCa5/a81uzaoDkHH4rr81Z62g+xlnO8uM=
golang.org/x/image v0.0.0-20181116024801-cd38e8056d9b/go.mod h1:ux5Hcp/YLpHSI86hEcLt0YII63i6oz57MZXIpbrjZUs=
golang.org/x/net v0.0.0-20180218175443-cbe0f9307d01/go.mod h1:mL1N/T3taQHkDXs73rZJwtUhF3w3ftmwwsq0BUmARs4=
golang.org/x/net v0.0.0-20180724234803-3673e40ba225/go.mod h1:mL1N/T3taQHkDXs73rZJwtUhF3w3ftmwwsq0BUmARs4=
golang.org/x/net v0.0.0-20190107210223-45ffb0cd1ba0 h1:1DW40AJQ7AP4nY6ORUGUdkpXyEC9W2GAXcOPaMZK0K8=
golang.org/x/net v0.0.0-20190107210223-45ffb0cd1ba0/go.mod h1:mL1N/T3taQHkDXs73rZJwtUhF3w3ftmwwsq0BUmARs4=
golang.org/x/oauth2 v0.0.0-20181203162652-d668ce993890 h1:uESlIz09WIHT2I+pasSXcpLYqYK8wHcdCetU3VuMBJE=
golang.org/x/oauth2 v0.0.0-20181203162652-d668ce993890/go.mod h1:N/0e6XlmueqKjAGxoOufVs8QHGRruUQn6yWY3a++T0U=
golang.org/x/sync v0.0.0-20181221193216-37e7f081c4d4 h1:YUO/7uOKsKeq9UokNS62b8FYywz3ker1l1vDZRCRefw=
golang.org/x/sync v0.0.0-20181221193216-37e7f081c4d4/go.mod h1:RxMgew5VJxzue5/jJTE5uejpjVlOe/izrB70Jof72aM=
golang.org/x/sys v0.0.0-20190109145017-48ac38b7c8cb h1:1w588/yEchbPNpa9sEvOcMZYbWHedwJjg4VOAdDHWHk=
golang.org/x/sys v0.0.0-20190109145017-48ac38b7c8cb/go.mod h1:STP8DvDyc/dI5b8T5hshtkjS+E42TnysNCUPdjciGhY=
golang.org/x/text v0.3.0 h1:g61tztE5qeGQ89tm6NTjjM9VPIm088od1l6aSorWRWg=
golang.org/x/text v0.3.0/go.mod h1:NqM8EUOU14njkJ3fqMW+pc6Ldnwhi/IjpwHt7yyuwOQ=
golang.org/x/time v0.0.0-20190308202827-9d24e82272b4 h1:SvFZT6jyqRaOeXpc5h/JSfZenJ2O330aBsf7JfSUXmQ=
golang.org/x/time v0.0.0-20190308202827-9d24e82272b4/go.mod h1:tRJNPiyCQ0inRvYxbN9jk5I+vvW/OXSQhTDSoE431IQ=
google.golang.org/appengine v1.4.0 h1:/wp5JvzpHIxhs/dumFmF7BXTf3Z+dd4uXta4kVyO508=
google.golang.org/appengine v1.4.0/go.mod h1:xpcJRLb0r/rnEns0DIKYYv+WjYCduHsrkT7/EB5XEv4=
gopkg.in/check.v1 v1.0.0-20180628173108-788fd7840127 h1:qIbj1fsPNlZgppZ+VLlY7N33q108Sa+fhmuc+sWQYwY=
gopkg.in/check.v1 v1.0.0-20180628173108-788fd7840127/go.mod h1:Co6ibVJAznAaIkqp8huTwlJQCZ016jof/cbN4VW5Yz0=
gopkg.in/russross/blackfriday.v2 v2.0.0 h1:+FlnIV8DSQnT7NZ43hcVKcdJdzZoeCmJj4Ql8gq5keA=
gopkg.in/russross/blackfriday.v2 v2.0.0/go.mod h1:6sSBNz/GtOm/pJTuh5UmBK2ZHfmnxGbl2NZg1UliSOI=
