# This file is autogenerated, do not edit; changes may be undone by the next 'dep ensure'.


[[projects]]
  digest = "1:180876db3ec295bb9f0babec5ca926fe9f2036b747b7c5bfcd13b333023e7cfd"
  name = "cloud.google.com/go"
  packages = ["compute/metadata"]
  pruneopts = "UT"
  revision = "767c40d6a2e058483c25fa193e963a22da17236d"
  version = "v0.18.0"

[[projects]]
  digest = "1:bff7b2530f02b143623e260c11df5cbf34e0faeaca6aa001a8be31f333518ca9"
  name = "github.com/PuerkitoBio/goquery"
  packages = ["."]
  pruneopts = "UT"
  revision = "a86ea073017a6beddef78c8659e7224e8ca634b0"
  version = "v1.4.0"

[[projects]]
  digest = "1:66b3310cf22cdc96c35ef84ede4f7b9b370971c4025f394c89a2638729653b11"
  name = "github.com/andybalholm/cascadia"
  packages = ["."]
  pruneopts = "UT"
  revision = "901648c87902174f774fac311d7f176f8647bdaa"
  version = "v1.0.0"

[[projects]]
  digest = "1:c28625428387b63dd7154eb857f51e700465cfbf7c06f619e71f2da33cefe47e"
  name = "github.com/coreos/bbolt"
  packages = ["."]
  pruneopts = "UT"
  revision = "583e8937c61f1af6513608ccc75c97b6abdf4ff9"
  version = "v1.3.0"

[[projects]]
  digest = "1:a2c1d0e43bd3baaa071d1b9ed72c27d78169b2b269f71c105ac4ba34b1be4a39"
  name = "github.com/davecgh/go-spew"
  packages = ["spew"]
  pruneopts = "UT"
  revision = "346938d642f2ec3594ed81d874461961cd0faa76"
  version = "v1.1.0"

[[projects]]
  digest = "1:76dc72490af7174349349838f2fe118996381b31ea83243812a97e5a0fd5ed55"
  name = "github.com/dgrijalva/jwt-go"
  packages = ["."]
  pruneopts = "UT"
  revision = "06ea1031745cb8b3dab3f6a236daf2b0aa468b7e"
  version = "v3.2.0"

[[projects]]
  digest = "1:82c6357bc57f8417f993d490f6c07a9f0b5682ac68b1a64b93a189dece7c5bf5"
  name = "github.com/didip/tollbooth"
  packages = [
    ".",
    "errors",
    "libstring",
    "limiter",
  ]
  pruneopts = "UT"
  revision = "c95eaa3ddc98f635a91e218b48727fb2e06613ea"
  version = "v4.0.0"

[[projects]]
  branch = "master"
  digest = "1:60fb125752a234a0a43bfc281bfdd9726fd1071a13f66bb35ec4b8e7ed1ef642"
  name = "github.com/didip/tollbooth_chi"
  packages = ["."]
  pruneopts = "UT"
  revision = "6ab5f3083f3d925e1944d58cdaebf43bbbff9238"

[[projects]]
  digest = "1:4b08116de0de75c041bb341686f0b139930f26cb84dfdf7641d435548114181d"
  name = "github.com/globalsign/mgo"
  packages = [
    ".",
    "bson",
    "internal/json",
    "internal/sasl",
    "internal/scram",
  ]
  pruneopts = "UT"
  revision = "113d3961e7311526535a1ef7042196563d442761"
  version = "r2018.06.15"

[[projects]]
  digest = "1:4eda9f7bf70f5145b3b9ed3f18ac93e9b1a0e38906eb69e526380c34861e2b07"
  name = "github.com/go-chi/chi"
  packages = [
    ".",
    "middleware",
  ]
  pruneopts = "UT"
  revision = "e83ac2304db3c50cf03d96a2fcd39009d458bc35"
  version = "v3.3.2"

[[projects]]
  digest = "1:dfa416a1bb8139f30832543340f972f65c0db9932034cb6a1b42c5ac615a3fb8"
  name = "github.com/go-chi/cors"
  packages = ["."]
  pruneopts = "UT"
  revision = "dba6525398619dead495962a916728e7ee2ca322"
  version = "v1.0.0"

[[projects]]
  digest = "1:75f324f9a6b76bca2fdd087ba169de30bc28a95a7139a6cefd5a9ac7582f6dab"
  name = "github.com/go-chi/render"
  packages = ["."]
  pruneopts = "UT"
  revision = "9f855fadd4b8cde7773f9ef51f6b2705af239519"
  version = "v1.0.0"

[[projects]]
  branch = "master"
  digest = "1:9240838c072f500013fa68b709050692dd6ba0095131046639618a296d4f4400"
  name = "github.com/go-pkgz/auth"
  packages = [
    ".",
    "avatar",
    "logger",
    "middleware",
    "provider",
    "token",
  ]
  pruneopts = "UT"
  revision = "c322626ae89af60b2ad5a8f96ade761b5ed361bb"

[[projects]]
  digest = "1:1212e114344a5cdcc834ea69e19d456eef230f9784659080fee67e02ba2cb574"
  name = "github.com/go-pkgz/mongo"
  packages = ["."]
  pruneopts = "UT"
  revision = "9a09a574c336c6ae2338a65bbebed2baab2a713c"
  version = "v1.0.0"

[[projects]]
  digest = "1:0f24c72d7e9bcb682b907be0461ac552973cd4b3f1b60b04b725f6d74a3e59e7"
  name = "github.com/go-pkgz/repeater"
  packages = [
    ".",
    "strategy",
  ]
  pruneopts = "UT"
  revision = "f2a67dcf050cab24d57132a7d8b45553ceab817b"
  version = "v1.0.0"

[[projects]]
  digest = "1:e133aa7be09588b02198e4ddb98df5033b0319b56533881d0163ee51b903305b"
  name = "github.com/go-pkgz/rest"
  packages = [
    ".",
    "cache",
    "logger",
  ]
  pruneopts = "UT"
  revision = "553c0e1b55b215f8f55da4682ac57aff9aec8b6d"
  version = "v1.1.5"

[[projects]]
  digest = "1:ffc060c551980d37ee9e428ef528ee2813137249ccebb0bfc412ef83071cac91"
  name = "github.com/golang/protobuf"
  packages = ["proto"]
  pruneopts = "UT"
  revision = "925541529c1fa6821df4e44ce2723319eb2be768"
  version = "v1.0.0"

[[projects]]
  digest = "1:8f8811f9be822914c3a25c6a071e93beb4c805d7b026cbf298bc577bc1cc945b"
  name = "github.com/google/uuid"
  packages = ["."]
  pruneopts = "UT"
  revision = "064e2069ce9c359c118179501254f67d7d37ba24"
  version = "0.2"

[[projects]]
  digest = "1:2b418e5e28a68ccab236a22f344140cebab2d90c3a4a3f5593ecbb82cfe0e5ce"
  name = "github.com/gorilla/feeds"
  packages = ["."]
  pruneopts = "UT"
  revision = "6edcbcd2d57fd0bbd7f39947a593ed0c06648388"
  version = "v1.1.0"

[[projects]]
  branch = "master"
  digest = "1:07671f8997086ed115824d1974507d2b147d1e0463675ea5dbf3be89b1c2c563"
  name = "github.com/hashicorp/errwrap"
  packages = ["."]
  pruneopts = "UT"
  revision = "7554cd9344cec97297fa6649b055a8c98c2a1e55"

[[projects]]
  branch = "master"
  digest = "1:e5048c5da80697be2fcdecc944e29d2999e01fd7f48b643168443209779f3463"
  name = "github.com/hashicorp/go-multierror"
  packages = ["."]
  pruneopts = "UT"
  revision = "b7773ae218740a7be65057fc60b366a49b538a44"

[[projects]]
  branch = "master"
  digest = "1:cf296baa185baae04a9a7004efee8511d08e2f5f51d4cbe5375da89722d681db"
  name = "github.com/hashicorp/golang-lru"
  packages = [
    ".",
    "simplelru",
  ]
  pruneopts = "UT"
  revision = "0fb14efe8c47ae851c0034ed7a448854d3d34cf3"

[[projects]]
  branch = "master"
  digest = "1:ce3f7860fd68bd2dd4c3735e2aed8c9de7c7d05bd6ad7d97a6bedcf4fe7b84fb"
  name = "github.com/hashicorp/logutils"
  packages = ["."]
  pruneopts = "UT"
  revision = "0dc08b1671f34c4250ce212759ebd880f743d883"

[[projects]]
  branch = "master"
  digest = "1:3217800110ab50cd0e0784307be46b5344c0c103dbd15a16d0994ae4abdc96ab"
  name = "github.com/jessevdk/go-flags"
  packages = ["."]
  pruneopts = "UT"
  revision = "1c38ed7ad0cc3d9e66649ac398c30e45f395c4eb"

[[projects]]
  branch = "master"
  digest = "1:e83a8cf54ecc5c4efdbc88aa914578773d4d6897470b698ae315b5734081e8ed"
  name = "github.com/microcosm-cc/bluemonday"
  packages = ["."]
  pruneopts = "UT"
  revision = "542fd4642604d0d0c26112396ce5b1a9d01eee0b"

[[projects]]
  branch = "master"
  digest = "1:ea014b8bb16b0decc3393baeafc3b19815bcaf92329fe643eef5c0aa89bd3291"
  name = "github.com/nullrocks/identicon"
  packages = ["."]
  pruneopts = "UT"
  revision = "7875f45b0022edded6377e40639d8aa620193a62"

[[projects]]
  digest = "1:808cdddf087fb64baeae67b8dfaee2069034d9704923a3cb8bd96a995421a625"
  name = "github.com/patrickmn/go-cache"
  packages = ["."]
  pruneopts = "UT"
  revision = "a3647f8e31d79543b2d0f0ae2fe5c379d72cedc0"
  version = "v2.1.0"

[[projects]]
  digest = "1:40e195917a951a8bf867cd05de2a46aaf1806c50cf92eebf4c16f78cd196f747"
  name = "github.com/pkg/errors"
  packages = ["."]
  pruneopts = "UT"
  revision = "645ef00459ed84a119197bfb8d8205042c6df63d"
  version = "v0.8.0"

[[projects]]
  digest = "1:0028cb19b2e4c3112225cd871870f2d9cf49b9b4276531f03438a88e94be86fe"
  name = "github.com/pmezard/go-difflib"
  packages = ["difflib"]
  pruneopts = "UT"
  revision = "792786c7400a136282c1664665ae0a8db921c6c2"
  version = "v1.0.0"

[[projects]]
  digest = "1:bc91590d3e20673d5e33267fc140e7dadddde0b84f2e9030547ba86859d2d13e"
  name = "github.com/rakyll/statik"
  packages = ["fs"]
  pruneopts = "UT"
  revision = "19b88da8fc15428620782ba18f68423130e7ac7d"
  version = "v0.1.3"

[[projects]]
  branch = "master"
  digest = "1:def689e73e9252f6f7fe66834a76751a41b767e03daab299e607e7226c58a855"
  name = "github.com/shurcooL/sanitized_anchor_name"
  packages = ["."]
  pruneopts = "UT"
  revision = "86672fcb3f950f35f2e675df2240550f2a50762f"

[[projects]]
  digest = "1:7e8d267900c7fa7f35129a2a37596e38ed0f11ca746d6d9ba727980ee138f9f6"
  name = "github.com/stretchr/testify"
  packages = [
    "assert",
    "require",
  ]
  pruneopts = "UT"
  revision = "12b6f73e6084dad08a7c6e575284b177ecafbc71"
  version = "v1.2.1"

[[projects]]
  branch = "master"
  digest = "1:674a2405f77863f4f362e3e45078fd9caa647dc1c0e8b022e3b9dc1ae89fbc8f"
  name = "golang.org/x/crypto"
  packages = [
    "acme",
    "acme/autocert",
  ]
  pruneopts = "UT"
  revision = "4d3f4d9ffa16a13f451c3b2999e9c49e9750bf06"

[[projects]]
  branch = "master"
  digest = "1:b34062e39d8f3172fdd0c5c22ca1a3badeb2ddde295a997b0b63441e96d916f7"
  name = "golang.org/x/image"
  packages = [
    "draw",
    "math/f64",
  ]
  pruneopts = "UT"
  revision = "af66defab954cb421ca110193eed9477c8541e2a"

[[projects]]
  branch = "master"
  digest = "1:ac7eaa5f1179480f517d32831225215cc20940152d66be29f3d5204ea15d425f"
  name = "golang.org/x/net"
  packages = [
    "context",
    "context/ctxhttp",
    "html",
    "html/atom",
  ]
  pruneopts = "UT"
  revision = "f5dfe339be1d06f81b22525fe34671ee7d2c8904"

[[projects]]
  branch = "master"
  digest = "1:ccb0526e2eb5d454a25a536634fade769664eaa93ad2e4cd4107967bbc01b4e8"
  name = "golang.org/x/oauth2"
  packages = [
    ".",
    "facebook",
    "github",
    "google",
    "internal",
    "jws",
    "jwt",
    "yandex",
  ]
  pruneopts = "UT"
  revision = "543e37812f10c46c622c9575afd7ad22f22a12ba"

[[projects]]
  branch = "master"
  digest = "1:ba7d5e85e8b4f084fae02a1a9d7462980e889d1eb689c747507b30a30b8bfa67"
  name = "golang.org/x/sys"
  packages = ["unix"]
  pruneopts = "UT"
  revision = "37707fdb30a5b38865cfb95e5aab41707daec7fd"

[[projects]]
  branch = "master"
  digest = "1:51a479a09b7ed06b7be5a854e27fcc328718ae0e5ad159f9ddeef12d0326c2e7"
  name = "golang.org/x/time"
  packages = ["rate"]
  pruneopts = "UT"
  revision = "6dc17368e09b0e8634d71cac8168d853e869a0c7"

[[projects]]
  digest = "1:a48f97fb737d5d61cf13e81cfef040942d217d086766b823757d39d4f6a4c547"
  name = "google.golang.org/appengine"
  packages = [
    ".",
    "internal",
    "internal/app_identity",
    "internal/base",
    "internal/datastore",
    "internal/log",
    "internal/modules",
    "internal/remote_api",
    "internal/urlfetch",
    "urlfetch",
  ]
  pruneopts = "UT"
  revision = "150dc57a1b433e64154302bdc40b6bb8aefa313a"
  version = "v1.0.0"

[[projects]]
  digest = "1:39c2113f3a89585666e6f973650cff186b2d06deb4aa202c88addb87b0a201db"
  name = "gopkg.in/russross/blackfriday.v2"
  packages = ["."]
  pruneopts = "UT"
  revision = "cadec560ec52d93835bf2f15bd794700d3a2473b"
  version = "v2.0.0"

[solve-meta]
  analyzer-name = "dep"
  analyzer-version = 1
  input-imports = [
    "github.com/PuerkitoBio/goquery",
    "github.com/coreos/bbolt",
    "github.com/dgrijalva/jwt-go",
    "github.com/didip/tollbooth",
    "github.com/didip/tollbooth_chi",
    "github.com/globalsign/mgo",
    "github.com/globalsign/mgo/bson",
    "github.com/go-chi/chi",
    "github.com/go-chi/chi/middleware",
    "github.com/go-chi/cors",
    "github.com/go-chi/render",
    "github.com/go-pkgz/auth",
    "github.com/go-pkgz/auth/avatar",
    "github.com/go-pkgz/auth/provider",
    "github.com/go-pkgz/auth/token",
    "github.com/go-pkgz/mongo",
    "github.com/go-pkgz/repeater",
    "github.com/go-pkgz/rest",
    "github.com/go-pkgz/rest/cache",
    "github.com/go-pkgz/rest/logger",
    "github.com/google/uuid",
    "github.com/gorilla/feeds",
    "github.com/hashicorp/go-multierror",
    "github.com/hashicorp/logutils",
    "github.com/jessevdk/go-flags",
    "github.com/microcosm-cc/bluemonday",
    "github.com/patrickmn/go-cache",
    "github.com/pkg/errors",
    "github.com/rakyll/statik/fs",
    "github.com/stretchr/testify/assert",
    "github.com/stretchr/testify/require",
    "golang.org/x/crypto/acme/autocert",
    "gopkg.in/russross/blackfriday.v2",
  ]
  solver-name = "gps-cdcl"
  solver-version = 1
