github.com/deckarep/golang-set/v2 v2.8.0 h1:swm0rlPCmdWn9mESxKOjWk8hXSqoxOp+ZlfuyaAdFlQ=
github.com/deckarep/golang-set/v2 v2.8.0/go.mod h1:VAky9rY/yGXJOLEDv3OMci+7wtDpOF4IN+y82NBOac4=
github.com/go-stack/stack v1.8.1 h1:ntEHSVwIt7PNXNpgPmVfMrNhLtgjlmnZha2kOpuRiDw=
github.com/go-stack/stack v1.8.1/go.mod h1:dcoOX6HbPZSZptuspn9bctJ+N/CnF5gGygcUP3XYfe4=
github.com/mxschmitt/playwright-go v0.6201.1 h1:KBBDopE+IIdjAp2FIk6zhLcKCCSSx/T6rGjKZmfo/Bs=
github.com/mxschmitt/playwright-go v0.6201.1/go.mod h1:vLBP2yVO1gokUlb9ENA+YE3VQaVqf2A9BGxcb7aPjMI=
github.com/stretchr/testify v1.12.1 h1:EuwCh5fleGS7H32xRwO3wRGT7DxrDhLAT6FF8MpWDWE=
github.com/stretchr/testify v1.12.1/go.mod h1:MDEgiDPPsNp5cuIrHPPCyornHKgEVbtFUmoNlxoYthg=
go.yaml.in/yaml/v3 v3.0.5 h1:N6y/pJk8buWs9NY5ERU2HSMfm+IuD/OtfdAnq6kESPw=
go.yaml.in/yaml/v3 v3.0.5/go.mod h1:HVTZu1O7/Vkt2N+BFy8Zza+lnLsABggaTM2ZpNIGuKg=
